# THIS IS AN AUTOGENERATED FILE. DO NOT EDIT THIS FILE DIRECTLY.
# yarn lockfile v1


gpio@^0.2.10:
  version "0.2.10"
  resolved "https://registry.yarnpkg.com/gpio/-/gpio-0.2.10.tgz#ea2784f842d9c47298e227230a06cfec59dbc47e"

lirc_node@^0.0.4:
  version "0.0.4"
  resolved "https://registry.yarnpkg.com/lirc_node/-/lirc_node-0.0.4.tgz#f86a51644da120c8f92f4ae1519c55b295a6a787"
